
Microsoft Visual Studio Solution File, Format Version 12.00
# Visual Studio Version 17
VisualStudioVersion = 17.14.36310.24
MinimumVisualStudioVersion = 10.0.40219.1
Project("{FAE04EC0-301F-11D3-BF4B-00C04F79EFBC}") = "DC Font Generator", "DC Font Generator\DC Font Generator.csproj", "{A5B91D20-6B3B-4A93-BC00-819A1E0E684B}"
EndProject
Project("{FAE04EC0-301F-11D3-BF4B-00C04F79EFBC}") = "DC Font Generator.Core", "DC Font Generator.Core\DC Font Generator.Core.csproj", "{72876717-B580-44F0-9EC8-5286818DD46B}"
EndProject
Project("{FAE04EC0-301F-11D3-BF4B-00C04F79EFBC}") = "DC Font Generator.Wpf", "DC Font Generator.Wpf\DC Font Generator.Wpf.csproj", "{73D952EF-0FDD-4D8F-9318-900C01AD57C8}"
EndProject
Global
	GlobalSection(SolutionConfigurationPlatforms) = preSolution
		Debug|Any CPU = Debug|Any CPU
		Debug|x64 = Debug|x64
		Debug|x86 = Debug|x86
		Release|Any CPU = Release|Any CPU
		Release|x64 = Release|x64
		Release|x86 = Release|x86
	EndGlobalSection
	GlobalSection(ProjectConfigurationPlatforms) = postSolution
		{A5B91D20-6B3B-4A93-BC00-819A1E0E684B}.Debug|Any CPU.ActiveCfg = Debug|Any CPU
		{A5B91D20-6B3B-4A93-BC00-819A1E0E684B}.Debug|Any CPU.Build.0 = Debug|Any CPU
		{A5B91D20-6B3B-4A93-BC00-819A1E0E684B}.Debug|x64.ActiveCfg = Debug|Any CPU
		{A5B91D20-6B3B-4A93-BC00-819A1E0E684B}.Debug|x64.Build.0 = Debug|Any CPU
		{A5B91D20-6B3B-4A93-BC00-819A1E0E684B}.Debug|x86.ActiveCfg = Debug|Any CPU
		{A5B91D20-6B3B-4A93-BC00-819A1E0E684B}.Debug|x86.Build.0 = Debug|Any CPU
		{A5B91D20-6B3B-4A93-BC00-819A1E0E684B}.Release|Any CPU.ActiveCfg = Release|Any CPU
		{A5B91D20-6B3B-4A93-BC00-819A1E0E684B}.Release|Any CPU.Build.0 = Release|Any CPU
		{A5B91D20-6B3B-4A93-BC00-819A1E0E684B}.Release|x64.ActiveCfg = Release|Any CPU
		{A5B91D20-6B3B-4A93-BC00-819A1E0E684B}.Release|x64.Build.0 = Release|Any CPU
		{A5B91D20-6B3B-4A93-BC00-819A1E0E684B}.Release|x86.ActiveCfg = Release|Any CPU
		{A5B91D20-6B3B-4A93-BC00-819A1E0E684B}.Release|x86.Build.0 = Release|Any CPU
		{72876717-B580-44F0-9EC8-5286818DD46B}.Debug|Any CPU.ActiveCfg = Debug|Any CPU
		{72876717-B580-44F0-9EC8-5286818DD46B}.Debug|Any CPU.Build.0 = Debug|Any CPU
		{72876717-B580-44F0-9EC8-5286818DD46B}.Debug|x64.ActiveCfg = Debug|Any CPU
		{72876717-B580-44F0-9EC8-5286818DD46B}.Debug|x64.Build.0 = Debug|Any CPU
		{72876717-B580-44F0-9EC8-5286818DD46B}.Debug|x86.ActiveCfg = Debug|Any CPU
		{72876717-B580-44F0-9EC8-5286818DD46B}.Debug|x86.Build.0 = Debug|Any CPU
		{72876717-B580-44F0-9EC8-5286818DD46B}.Release|Any CPU.ActiveCfg = Release|Any CPU
		{72876717-B580-44F0-9EC8-5286818DD46B}.Release|Any CPU.Build.0 = Release|Any CPU
		{72876717-B580-44F0-9EC8-5286818DD46B}.Release|x64.ActiveCfg = Release|Any CPU
		{72876717-B580-44F0-9EC8-5286818DD46B}.Release|x64.Build.0 = Release|Any CPU
		{72876717-B580-44F0-9EC8-5286818DD46B}.Release|x86.ActiveCfg = Release|Any CPU
		{72876717-B580-44F0-9EC8-5286818DD46B}.Release|x86.Build.0 = Release|Any CPU
		{73D952EF-0FDD-4D8F-9318-900C01AD57C8}.Debug|Any CPU.ActiveCfg = Debug|Any CPU
		{73D952EF-0FDD-4D8F-9318-900C01AD57C8}.Debug|Any CPU.Build.0 = Debug|Any CPU
		{73D952EF-0FDD-4D8F-9318-900C01AD57C8}.Debug|x64.ActiveCfg = Debug|Any CPU
		{73D952EF-0FDD-4D8F-9318-900C01AD57C8}.Debug|x64.Build.0 = Debug|Any CPU
		{73D952EF-0FDD-4D8F-9318-900C01AD57C8}.Debug|x86.ActiveCfg = Debug|Any CPU
		{73D952EF-0FDD-4D8F-9318-900C01AD57C8}.Debug|x86.Build.0 = Debug|Any CPU
		{73D952EF-0FDD-4D8F-9318-900C01AD57C8}.Release|Any CPU.ActiveCfg = Release|Any CPU
		{73D952EF-0FDD-4D8F-9318-900C01AD57C8}.Release|Any CPU.Build.0 = Release|Any CPU
		{73D952EF-0FDD-4D8F-9318-900C01AD57C8}.Release|x64.ActiveCfg = Release|Any CPU
		{73D952EF-0FDD-4D8F-9318-900C01AD57C8}.Release|x64.Build.0 = Release|Any CPU
		{73D952EF-0FDD-4D8F-9318-900C01AD57C8}.Release|x86.ActiveCfg = Release|Any CPU
		{73D952EF-0FDD-4D8F-9318-900C01AD57C8}.Release|x86.Build.0 = Release|Any CPU
	EndGlobalSection
	GlobalSection(SolutionProperties) = preSolution
		HideSolutionNode = FALSE
	EndGlobalSection
	GlobalSection(ExtensibilityGlobals) = postSolution
		SolutionGuid = {0716CF83-5122-48DE-8862-BD66E2B0C45A}
	EndGlobalSection
EndGlobal
