
Microsoft Visual Studio Solution File, Format Version 12.00
# Visual Studio Version 17
VisualStudioVersion = 17.14.36310.24 d17.14
MinimumVisualStudioVersion = 10.0.40219.1
Project("{FAE04EC0-301F-11D3-BF4B-00C04F79EFBC}") = "DC Font Generator", "DC Font Generator\DC Font Generator.csproj", "{A5B91D20-6B3B-4A93-BC00-819A1E0E684B}"
EndProject
Global
	GlobalSection(SolutionConfigurationPlatforms) = preSolution
		Debug|Any CPU = Debug|Any CPU
		Release|Any CPU = Release|Any CPU
	EndGlobalSection
	GlobalSection(ProjectConfigurationPlatforms) = postSolution
		{A5B91D20-6B3B-4A93-BC00-819A1E0E684B}.Debug|Any CPU.ActiveCfg = Debug|Any CPU
		{A5B91D20-6B3B-4A93-BC00-819A1E0E684B}.Debug|Any CPU.Build.0 = Debug|Any CPU
		{A5B91D20-6B3B-4A93-BC00-819A1E0E684B}.Release|Any CPU.ActiveCfg = Release|Any CPU
		{A5B91D20-6B3B-4A93-BC00-819A1E0E684B}.Release|Any CPU.Build.0 = Release|Any CPU
	EndGlobalSection
	GlobalSection(SolutionProperties) = preSolution
		HideSolutionNode = FALSE
	EndGlobalSection
	GlobalSection(ExtensibilityGlobals) = postSolution
		SolutionGuid = {0716CF83-5122-48DE-8862-BD66E2B0C45A}
	EndGlobalSection
EndGlobal
